
Microsoft Visual Studio Solution File, Format Version 12.00
Project("{FAE04EC0-301F-11D3-BF4B-00C04F79EFBC}") = "InvolvedInvestments.Investor", "InvolvedInvestments.Investor\InvolvedInvestments.Investor.csproj", "{CF46AB6F-0B64-4721-9850-C17DABB5BBD9}"
EndProject
Global
	GlobalSection(SolutionConfigurationPlatforms) = preSolution
		Debug|Any CPU = Debug|Any CPU
		Release|Any CPU = Release|Any CPU
	EndGlobalSection
	GlobalSection(ProjectConfigurationPlatforms) = postSolution
		{CF46AB6F-0B64-4721-9850-C17DABB5BBD9}.Debug|Any CPU.ActiveCfg = Debug|Any CPU
		{CF46AB6F-0B64-4721-9850-C17DABB5BBD9}.Debug|Any CPU.Build.0 = Debug|Any CPU
		{CF46AB6F-0B64-4721-9850-C17DABB5BBD9}.Release|Any CPU.ActiveCfg = Release|Any CPU
		{CF46AB6F-0B64-4721-9850-C17DABB5BBD9}.Release|Any CPU.Build.0 = Release|Any CPU
	EndGlobalSection
EndGlobal
