
Microsoft Visual Studio Solution File, Format Version 12.00
# Visual Studio Version 17
VisualStudioVersion = 17.11.35312.102
MinimumVisualStudioVersion = 10.0.40219.1
Project("{9A19103F-16F7-4668-BE54-9A1E7A4F7556}") = "HearthSteadCodeRetreat.BotClient", "HearthSteadCodeRetreat.BotClient\HearthSteadCodeRetreat.BotClient.csproj", "{C6B026BB-8F8E-4A92-AF93-E8F29BDF0F5E}"
EndProject
Project("{9A19103F-16F7-4668-BE54-9A1E7A4F7556}") = "HearthStead.Dto", "HearthStead.Dto\HearthStead.Dto.csproj", "{B4AB4C62-2B8D-4C6C-A929-EE4C28ECB0E4}"
EndProject
Global
	GlobalSection(SolutionConfigurationPlatforms) = preSolution
		Debug|Any CPU = Debug|Any CPU
		Release|Any CPU = Release|Any CPU
	EndGlobalSection
	GlobalSection(ProjectConfigurationPlatforms) = postSolution
		{C6B026BB-8F8E-4A92-AF93-E8F29BDF0F5E}.Debug|Any CPU.ActiveCfg = Debug|Any CPU
		{C6B026BB-8F8E-4A92-AF93-E8F29BDF0F5E}.Debug|Any CPU.Build.0 = Debug|Any CPU
		{C6B026BB-8F8E-4A92-AF93-E8F29BDF0F5E}.Release|Any CPU.ActiveCfg = Release|Any CPU
		{C6B026BB-8F8E-4A92-AF93-E8F29BDF0F5E}.Release|Any CPU.Build.0 = Release|Any CPU
		{B4AB4C62-2B8D-4C6C-A929-EE4C28ECB0E4}.Debug|Any CPU.ActiveCfg = Debug|Any CPU
		{B4AB4C62-2B8D-4C6C-A929-EE4C28ECB0E4}.Debug|Any CPU.Build.0 = Debug|Any CPU
		{B4AB4C62-2B8D-4C6C-A929-EE4C28ECB0E4}.Release|Any CPU.ActiveCfg = Release|Any CPU
		{B4AB4C62-2B8D-4C6C-A929-EE4C28ECB0E4}.Release|Any CPU.Build.0 = Release|Any CPU
	EndGlobalSection
	GlobalSection(SolutionProperties) = preSolution
		HideSolutionNode = FALSE
	EndGlobalSection
EndGlobal
